
Microsoft Visual Studio Solution File, Format Version 12.00
# Visual Studio 2013
VisualStudioVersion = 12.0.20827.3
MinimumVisualStudioVersion = 10.0.40219.1
Project("{FAE04EC0-301F-11D3-BF4B-00C04F79EFBC}") = "PBDeskDemos.SimpleSPA.WebApp", "PBDeskDemos.SimpleSPA.WebApp\PBDeskDemos.SimpleSPA.WebApp.csproj", "{83C624AA-1CD9-4D16-863A-9E2A371D9F08}"
EndProject
Project("{FAE04EC0-301F-11D3-BF4B-00C04F79EFBC}") = "PBDeskDemos.SimpleSPA.DAL", "PBDeskDemos.SimpleSPA.DAL\PBDeskDemos.SimpleSPA.DAL.csproj", "{BB75EF62-503F-4A35-AFDC-18E3723469D8}"
EndProject
Project("{FAE04EC0-301F-11D3-BF4B-00C04F79EFBC}") = "PBDeskDemos.SimpleSPA.ApiControllers", "PBDeskDemos.SimpleSPA.ApiControllers\PBDeskDemos.SimpleSPA.ApiControllers.csproj", "{01CD5F8F-6802-41AC-8514-576BACEADA0E}"
EndProject
Global
	GlobalSection(TeamFoundationVersionControl) = preSolution
		SccNumberOfProjects = 4
		SccEnterpriseProvider = {4CA58AB2-18FA-4F8D-95D4-32DDF27D184C}
		SccTeamFoundationServer = https://pbdesk.visualstudio.com/defaultcollection
		SccLocalPath0 = .
		SccProjectUniqueName1 = PBDeskDemos.SimpleSPA.WebApp\\PBDeskDemos.SimpleSPA.WebApp.csproj
		SccProjectName1 = PBDeskDemos.SimpleSPA.WebApp
		SccLocalPath1 = PBDeskDemos.SimpleSPA.WebApp
		SccProjectUniqueName2 = PBDeskDemos.SimpleSPA.DAL\\PBDeskDemos.SimpleSPA.DAL.csproj
		SccProjectName2 = PBDeskDemos.SimpleSPA.DAL
		SccLocalPath2 = PBDeskDemos.SimpleSPA.DAL
		SccProjectUniqueName3 = PBDeskDemos.SimpleSPA.ApiControllers\\PBDeskDemos.SimpleSPA.ApiControllers.csproj
		SccProjectName3 = PBDeskDemos.SimpleSPA.ApiControllers
		SccLocalPath3 = PBDeskDemos.SimpleSPA.ApiControllers
	EndGlobalSection
	GlobalSection(SolutionConfigurationPlatforms) = preSolution
		Debug|Any CPU = Debug|Any CPU
		Release|Any CPU = Release|Any CPU
	EndGlobalSection
	GlobalSection(ProjectConfigurationPlatforms) = postSolution
		{83C624AA-1CD9-4D16-863A-9E2A371D9F08}.Debug|Any CPU.ActiveCfg = Debug|Any CPU
		{83C624AA-1CD9-4D16-863A-9E2A371D9F08}.Debug|Any CPU.Build.0 = Debug|Any CPU
		{83C624AA-1CD9-4D16-863A-9E2A371D9F08}.Release|Any CPU.ActiveCfg = Release|Any CPU
		{83C624AA-1CD9-4D16-863A-9E2A371D9F08}.Release|Any CPU.Build.0 = Release|Any CPU
		{BB75EF62-503F-4A35-AFDC-18E3723469D8}.Debug|Any CPU.ActiveCfg = Debug|Any CPU
		{BB75EF62-503F-4A35-AFDC-18E3723469D8}.Debug|Any CPU.Build.0 = Debug|Any CPU
		{BB75EF62-503F-4A35-AFDC-18E3723469D8}.Release|Any CPU.ActiveCfg = Release|Any CPU
		{BB75EF62-503F-4A35-AFDC-18E3723469D8}.Release|Any CPU.Build.0 = Release|Any CPU
		{01CD5F8F-6802-41AC-8514-576BACEADA0E}.Debug|Any CPU.ActiveCfg = Debug|Any CPU
		{01CD5F8F-6802-41AC-8514-576BACEADA0E}.Debug|Any CPU.Build.0 = Debug|Any CPU
		{01CD5F8F-6802-41AC-8514-576BACEADA0E}.Release|Any CPU.ActiveCfg = Release|Any CPU
		{01CD5F8F-6802-41AC-8514-576BACEADA0E}.Release|Any CPU.Build.0 = Release|Any CPU
	EndGlobalSection
	GlobalSection(SolutionProperties) = preSolution
		HideSolutionNode = FALSE
	EndGlobalSection
EndGlobal
