
Microsoft Visual Studio Solution File, Format Version 12.00
# Visual Studio 2013
VisualStudioVersion = 12.0.21005.1
MinimumVisualStudioVersion = 10.0.40219.1
Project("{FAE04EC0-301F-11D3-BF4B-00C04F79EFBC}") = "PBDeskDemos.SimpleSPA.DAL", "PBDeskDemos.SimpleSPA.DAL\PBDeskDemos.SimpleSPA.DAL.csproj", "{BB75EF62-503F-4A35-AFDC-18E3723469D8}"
EndProject
Project("{FAE04EC0-301F-11D3-BF4B-00C04F79EFBC}") = "PBDeskDemos.SimpleSPA.ApiControllers", "PBDeskDemos.SimpleSPA.ApiControllers\PBDeskDemos.SimpleSPA.ApiControllers.csproj", "{01CD5F8F-6802-41AC-8514-576BACEADA0E}"
EndProject
Project("{FAE04EC0-301F-11D3-BF4B-00C04F79EFBC}") = "PBDeskDemos.SimpleSPA.Web", "PBDeskDemos.SimpleSPA.Web\PBDeskDemos.SimpleSPA.Web.csproj", "{CE4D1958-CF42-4D18-AAFF-823C6D5B576E}"
EndProject
Global
	GlobalSection(SolutionConfigurationPlatforms) = preSolution
		Debug|Any CPU = Debug|Any CPU
		Release|Any CPU = Release|Any CPU
	EndGlobalSection
	GlobalSection(ProjectConfigurationPlatforms) = postSolution
		{BB75EF62-503F-4A35-AFDC-18E3723469D8}.Debug|Any CPU.ActiveCfg = Debug|Any CPU
		{BB75EF62-503F-4A35-AFDC-18E3723469D8}.Debug|Any CPU.Build.0 = Debug|Any CPU
		{BB75EF62-503F-4A35-AFDC-18E3723469D8}.Release|Any CPU.ActiveCfg = Release|Any CPU
		{BB75EF62-503F-4A35-AFDC-18E3723469D8}.Release|Any CPU.Build.0 = Release|Any CPU
		{01CD5F8F-6802-41AC-8514-576BACEADA0E}.Debug|Any CPU.ActiveCfg = Debug|Any CPU
		{01CD5F8F-6802-41AC-8514-576BACEADA0E}.Debug|Any CPU.Build.0 = Debug|Any CPU
		{01CD5F8F-6802-41AC-8514-576BACEADA0E}.Release|Any CPU.ActiveCfg = Release|Any CPU
		{01CD5F8F-6802-41AC-8514-576BACEADA0E}.Release|Any CPU.Build.0 = Release|Any CPU
		{CE4D1958-CF42-4D18-AAFF-823C6D5B576E}.Debug|Any CPU.ActiveCfg = Debug|Any CPU
		{CE4D1958-CF42-4D18-AAFF-823C6D5B576E}.Debug|Any CPU.Build.0 = Debug|Any CPU
		{CE4D1958-CF42-4D18-AAFF-823C6D5B576E}.Release|Any CPU.ActiveCfg = Release|Any CPU
		{CE4D1958-CF42-4D18-AAFF-823C6D5B576E}.Release|Any CPU.Build.0 = Release|Any CPU
	EndGlobalSection
	GlobalSection(SolutionProperties) = preSolution
		HideSolutionNode = FALSE
	EndGlobalSection
EndGlobal
